
Microsoft Visual Studio Solution File, Format Version 12.00
# Visual Studio Version 16
VisualStudioVersion = 25.0.1704.3
MinimumVisualStudioVersion = 10.0.40219.1
Project("{FAE04EC0-301F-11D3-BF4B-00C04F79EFBC}") = "BlazorMatchGame", "BlazorMatchGame\BlazorMatchGame.csproj", "{CFF2EDED-D219-4FE5-AD2C-EB61FF8F4381}"
EndProject
Global
	GlobalSection(SolutionConfigurationPlatforms) = preSolution
		Debug|Any CPU = Debug|Any CPU
		Release|Any CPU = Release|Any CPU
	EndGlobalSection
	GlobalSection(ProjectConfigurationPlatforms) = postSolution
		{CFF2EDED-D219-4FE5-AD2C-EB61FF8F4381}.Debug|Any CPU.ActiveCfg = Debug|Any CPU
		{CFF2EDED-D219-4FE5-AD2C-EB61FF8F4381}.Debug|Any CPU.Build.0 = Debug|Any CPU
		{CFF2EDED-D219-4FE5-AD2C-EB61FF8F4381}.Release|Any CPU.ActiveCfg = Release|Any CPU
		{CFF2EDED-D219-4FE5-AD2C-EB61FF8F4381}.Release|Any CPU.Build.0 = Release|Any CPU
	EndGlobalSection
	GlobalSection(SolutionProperties) = preSolution
		HideSolutionNode = FALSE
	EndGlobalSection
	GlobalSection(ExtensibilityGlobals) = postSolution
		SolutionGuid = {C5394E28-71DC-42CC-B98F-D54D5204172A}
	EndGlobalSection
EndGlobal
